
Microsoft Visual Studio Solution File, Format Version 12.00
# Visual Studio Version 17
VisualStudioVersion = 17.10.35027.167
MinimumVisualStudioVersion = 10.0.40219.1
Project("{FAE04EC0-301F-11D3-BF4B-00C04F79EFBC}") = "HampterWombat", "HampterWombat\HampterWombat.csproj", "{FD22F595-1766-4E6B-A57A-6BC992E249B3}"
EndProject
Global
	GlobalSection(SolutionConfigurationPlatforms) = preSolution
		Debug|Any CPU = Debug|Any CPU
		Release|Any CPU = Release|Any CPU
	EndGlobalSection
	GlobalSection(ProjectConfigurationPlatforms) = postSolution
		{FD22F595-1766-4E6B-A57A-6BC992E249B3}.Debug|Any CPU.ActiveCfg = Debug|Any CPU
		{FD22F595-1766-4E6B-A57A-6BC992E249B3}.Debug|Any CPU.Build.0 = Debug|Any CPU
		{FD22F595-1766-4E6B-A57A-6BC992E249B3}.Debug|Any CPU.Deploy.0 = Debug|Any CPU
		{FD22F595-1766-4E6B-A57A-6BC992E249B3}.Release|Any CPU.ActiveCfg = Release|Any CPU
		{FD22F595-1766-4E6B-A57A-6BC992E249B3}.Release|Any CPU.Build.0 = Release|Any CPU
		{FD22F595-1766-4E6B-A57A-6BC992E249B3}.Release|Any CPU.Deploy.0 = Release|Any CPU
	EndGlobalSection
	GlobalSection(SolutionProperties) = preSolution
		HideSolutionNode = FALSE
	EndGlobalSection
	GlobalSection(ExtensibilityGlobals) = postSolution
		SolutionGuid = {70EF07FA-9FE5-418A-90A3-E84AE57A9885}
	EndGlobalSection
EndGlobal
